
Microsoft Visual Studio Solution File, Format Version 12.00
# Visual Studio Version 17
VisualStudioVersion = 17.3.32811.315
MinimumVisualStudioVersion = 10.0.40219.1
Project("{FAE04EC0-301F-11D3-BF4B-00C04F79EFBC}") = "ProyectoApi", "ProyectoApi\ProyectoApi.csproj", "{D9C77CB1-68BC-4613-968B-A07ADCEC520C}"
EndProject
Global
	GlobalSection(SolutionConfigurationPlatforms) = preSolution
		Debug|Any CPU = Debug|Any CPU
		Release|Any CPU = Release|Any CPU
	EndGlobalSection
	GlobalSection(ProjectConfigurationPlatforms) = postSolution
		{D9C77CB1-68BC-4613-968B-A07ADCEC520C}.Debug|Any CPU.ActiveCfg = Debug|Any CPU
		{D9C77CB1-68BC-4613-968B-A07ADCEC520C}.Debug|Any CPU.Build.0 = Debug|Any CPU
		{D9C77CB1-68BC-4613-968B-A07ADCEC520C}.Release|Any CPU.ActiveCfg = Release|Any CPU
		{D9C77CB1-68BC-4613-968B-A07ADCEC520C}.Release|Any CPU.Build.0 = Release|Any CPU
	EndGlobalSection
	GlobalSection(SolutionProperties) = preSolution
		HideSolutionNode = FALSE
	EndGlobalSection
	GlobalSection(ExtensibilityGlobals) = postSolution
		SolutionGuid = {594DA423-6317-4072-B090-7FC6B57AB71A}
	EndGlobalSection
EndGlobal
